
Microsoft Visual Studio Solution File, Format Version 12.00
# Visual Studio Version 16
VisualStudioVersion = 16.0.30204.135
MinimumVisualStudioVersion = 10.0.40219.1
Project("{FAE04EC0-301F-11D3-BF4B-00C04F79EFBC}") = "FeatureSwitches", "FeatureSwitches\FeatureSwitches.csproj", "{FF35EFDB-A8B7-4B29-9B4E-072DE85CB1E0}"
EndProject
Global
	GlobalSection(SolutionConfigurationPlatforms) = preSolution
		Debug|Any CPU = Debug|Any CPU
		Release|Any CPU = Release|Any CPU
	EndGlobalSection
	GlobalSection(ProjectConfigurationPlatforms) = postSolution
		{FF35EFDB-A8B7-4B29-9B4E-072DE85CB1E0}.Debug|Any CPU.ActiveCfg = Debug|Any CPU
		{FF35EFDB-A8B7-4B29-9B4E-072DE85CB1E0}.Debug|Any CPU.Build.0 = Debug|Any CPU
		{FF35EFDB-A8B7-4B29-9B4E-072DE85CB1E0}.Release|Any CPU.ActiveCfg = Release|Any CPU
		{FF35EFDB-A8B7-4B29-9B4E-072DE85CB1E0}.Release|Any CPU.Build.0 = Release|Any CPU
	EndGlobalSection
	GlobalSection(SolutionProperties) = preSolution
		HideSolutionNode = FALSE
	EndGlobalSection
	GlobalSection(ExtensibilityGlobals) = postSolution
		SolutionGuid = {00E7A684-8A1D-4DE4-A332-D937653DB5F5}
	EndGlobalSection
EndGlobal
